
Microsoft Visual Studio Solution File, Format Version 12.00
# Visual Studio Version 17
VisualStudioVersion = 17.14.36414.22
MinimumVisualStudioVersion = 10.0.40219.1
Project("{FAE04EC0-301F-11D3-BF4B-00C04F79EFBC}") = "HeroicMud.Discord", "HeroicMud.Discord\HeroicMud.Discord.csproj", "{983B77D4-B010-49B3-A28A-35A85CFC25D9}"
	ProjectSection(ProjectDependencies) = postProject
		{26A160E6-1A0F-4172-A10E-DC4CDAB49561} = {26A160E6-1A0F-4172-A10E-DC4CDAB49561}
	EndProjectSection
EndProject
Project("{FAE04EC0-301F-11D3-BF4B-00C04F79EFBC}") = "HeroicMud.GameLogic", "HeroicMud.GameLogic\HeroicMud.GameLogic.csproj", "{26A160E6-1A0F-4172-A10E-DC4CDAB49561}"
EndProject
Global
	GlobalSection(SolutionConfigurationPlatforms) = preSolution
		Debug|Any CPU = Debug|Any CPU
		Release|Any CPU = Release|Any CPU
	EndGlobalSection
	GlobalSection(ProjectConfigurationPlatforms) = postSolution
		{983B77D4-B010-49B3-A28A-35A85CFC25D9}.Debug|Any CPU.ActiveCfg = Debug|Any CPU
		{983B77D4-B010-49B3-A28A-35A85CFC25D9}.Debug|Any CPU.Build.0 = Debug|Any CPU
		{983B77D4-B010-49B3-A28A-35A85CFC25D9}.Release|Any CPU.ActiveCfg = Release|Any CPU
		{983B77D4-B010-49B3-A28A-35A85CFC25D9}.Release|Any CPU.Build.0 = Release|Any CPU
		{26A160E6-1A0F-4172-A10E-DC4CDAB49561}.Debug|Any CPU.ActiveCfg = Debug|Any CPU
		{26A160E6-1A0F-4172-A10E-DC4CDAB49561}.Debug|Any CPU.Build.0 = Debug|Any CPU
		{26A160E6-1A0F-4172-A10E-DC4CDAB49561}.Release|Any CPU.ActiveCfg = Release|Any CPU
		{26A160E6-1A0F-4172-A10E-DC4CDAB49561}.Release|Any CPU.Build.0 = Release|Any CPU
	EndGlobalSection
	GlobalSection(SolutionProperties) = preSolution
		HideSolutionNode = FALSE
	EndGlobalSection
	GlobalSection(ExtensibilityGlobals) = postSolution
		SolutionGuid = {F419A983-9849-442B-B034-F3224028948F}
	EndGlobalSection
EndGlobal
